// !$*UTF8*$!
{
	archiveVersion = 1;
	classes = {
	};
	objectVersion = 77;
	objects = {

/* Begin PBXContainerItemProxy section */
		D0637FFB2DEF890E0032D876 /* PBXContainerItemProxy */ = {
			isa = PBXContainerItemProxy;
			containerPortal = D0637FE22DEF890D0032D876 /* Project object */;
			proxyType = 1;
			remoteGlobalIDString = D0637FE92DEF890D0032D876;
			remoteInfo = SparkCreativeFinal;
		};
		D06380052DEF890E0032D876 /* PBXContainerItemProxy */ = {
			isa = PBXContainerItemProxy;
			containerPortal = D0637FE22DEF890D0032D876 /* Project object */;
			proxyType = 1;
			remoteGlobalIDString = D0637FE92DEF890D0032D876;
			remoteInfo = SparkCreativeFinal;
		};
/* End PBXContainerItemProxy section */

/* Begin PBXFileReference section */
		D0637FEA2DEF890D0032D876 /* SparkCreativeFinal.app */ = {isa = PBXFileReference; explicitFileType = wrapper.application; includeInIndex = 0; path = SparkCreativeFinal.app; sourceTree = BUILT_PRODUCTS_DIR; };
		D0637FFA2DEF890E0032D876 /* SparkCreativeFinalTests.xctest */ = {isa = PBXFileReference; explicitFileType = wrapper.cfbundle; includeInIndex = 0; path = SparkCreativeFinalTests.xctest; sourceTree = BUILT_PRODUCTS_DIR; };
		D06380042DEF890E0032D876 /* SparkCreativeFinalUITests.xctest */ = {isa = PBXFileReference; explicitFileType = wrapper.cfbundle; includeInIndex = 0; path = SparkCreativeFinalUITests.xctest; sourceTree = BUILT_PRODUCTS_DIR; };
/* End PBXFileReference section */

/* Begin PBXFileSystemSynchronizedBuildFileExceptionSet section */
		D06380D82DEF897B0032D876 /* Exceptions for "SparkCreativeFinal" folder in "SparkCreativeFinal" target */ = {
			isa = PBXFileSystemSynchronizedBuildFileExceptionSet;
			membershipExceptions = (
				Info.plist,
			);
			target = D0637FE92DEF890D0032D876 /* SparkCreativeFinal */;
		};
/* End PBXFileSystemSynchronizedBuildFileExceptionSet section */

/* Begin PBXFileSystemSynchronizedRootGroup section */
		D0637FEC2DEF890D0032D876 /* SparkCreativeFinal */ = {
			isa = PBXFileSystemSynchronizedRootGroup;
			exceptions = (
				D06380D82DEF897B0032D876 /* Exceptions for "SparkCreativeFinal" folder in "SparkCreativeFinal" target */,
			);
			path = SparkCreativeFinal;
			sourceTree = "<group>";
		};
		D0637FFD2DEF890E0032D876 /* SparkCreativeFinalTests */ = {
			isa = PBXFileSystemSynchronizedRootGroup;
			path = SparkCreativeFinalTests;
			sourceTree = "<group>";
		};
		D06380072DEF890E0032D876 /* SparkCreativeFinalUITests */ = {
			isa = PBXFileSystemSynchronizedRootGroup;
			path = SparkCreativeFinalUITests;
			sourceTree = "<group>";
		};
/* End PBXFileSystemSynchronizedRootGroup section */

/* Begin PBXFrameworksBuildPhase section */
		D0637FE72DEF890D0032D876 /* Frameworks */ = {
			isa = PBXFrameworksBuildPhase;
			buildActionMask = 2147483647;
			files = (
			);
			runOnlyForDeploymentPostprocessing = 0;
		};
		D0637FF72DEF890E0032D876 /* Frameworks */ = {
			isa = PBXFrameworksBuildPhase;
			buildActionMask = 2147483647;
			files = (
			);
			runOnlyForDeploymentPostprocessing = 0;
		};
		D06380012DEF890E0032D876 /* Frameworks */ = {
			isa = PBXFrameworksBuildPhase;
			buildActionMask = 2147483647;
			files = (
			);
			runOnlyForDeploymentPostprocessing = 0;
		};
/* End PBXFrameworksBuildPhase section */

/* Begin PBXGroup section */
		D0637FE12DEF890D0032D876 = {
			isa = PBXGroup;
			children = (
				D0637FEC2DEF890D0032D876 /* SparkCreativeFinal */,
				D0637FFD2DEF890E0032D876 /* SparkCreativeFinalTests */,
				D06380072DEF890E0032D876 /* SparkCreativeFinalUITests */,
				D0637FEB2DEF890D0032D876 /* Products */,
			);
			sourceTree = "<group>";
		};
		D0637FEB2DEF890D0032D876 /* Products */ = {
			isa = PBXGroup;
			children = (
				D0637FEA2DEF890D0032D876 /* SparkCreativeFinal.app */,
				D0637FFA2DEF890E0032D876 /* SparkCreativeFinalTests.xctest */,
				D06380042DEF890E0032D876 /* SparkCreativeFinalUITests.xctest */,
			);
			name = Products;
			sourceTree = "<group>";
		};
/* End PBXGroup section */

/* Begin PBXNativeTarget section */
		D0637FE92DEF890D0032D876 /* SparkCreativeFinal */ = {
			isa = PBXNativeTarget;
			buildConfigurationList = D063800E2DEF890E0032D876 /* Build configuration list for PBXNativeTarget "SparkCreativeFinal" */;
			buildPhases = (
				D0637FE62DEF890D0032D876 /* Sources */,
				D0637FE72DEF890D0032D876 /* Frameworks */,
				D0637FE82DEF890D0032D876 /* Resources */,
			);
			buildRules = (
			);
			dependencies = (
			);
			fileSystemSynchronizedGroups = (
				D0637FEC2DEF890D0032D876 /* SparkCreativeFinal */,
			);
			name = SparkCreativeFinal;
			packageProductDependencies = (
			);
			productName = SparkCreativeFinal;
			productReference = D0637FEA2DEF890D0032D876 /* SparkCreativeFinal.app */;
			productType = "com.apple.product-type.application";
		};
		D0637FF92DEF890E0032D876 /* SparkCreativeFinalTests */ = {
			isa = PBXNativeTarget;
			buildConfigurationList = D06380112DEF890E0032D876 /* Build configuration list for PBXNativeTarget "SparkCreativeFinalTests" */;
			buildPhases = (
				D0637FF62DEF890E0032D876 /* Sources */,
				D0637FF72DEF890E0032D876 /* Frameworks */,
				D0637FF82DEF890E0032D876 /* Resources */,
			);
			buildRules = (
			);
			dependencies = (
				D0637FFC2DEF890E0032D876 /* PBXTargetDependency */,
			);
			fileSystemSynchronizedGroups = (
				D0637FFD2DEF890E0032D876 /* SparkCreativeFinalTests */,
			);
			name = SparkCreativeFinalTests;
			packageProductDependencies = (
			);
			productName = SparkCreativeFinalTests;
			productReference = D0637FFA2DEF890E0032D876 /* SparkCreativeFinalTests.xctest */;
			productType = "com.apple.product-type.bundle.unit-test";
		};
		D06380032DEF890E0032D876 /* SparkCreativeFinalUITests */ = {
			isa = PBXNativeTarget;
			buildConfigurationList = D06380142DEF890E0032D876 /* Build configuration list for PBXNativeTarget "SparkCreativeFinalUITests" */;
			buildPhases = (
				D06380002DEF890E0032D876 /* Sources */,
				D06380012DEF890E0032D876 /* Frameworks */,
				D06380022DEF890E0032D876 /* Resources */,
			);
			buildRules = (
			);
			dependencies = (
				D06380062DEF890E0032D876 /* PBXTargetDependency */,
			);
			fileSystemSynchronizedGroups = (
				D06380072DEF890E0032D876 /* SparkCreativeFinalUITests */,
			);
			name = SparkCreativeFinalUITests;
			packageProductDependencies = (
			);
			productName = SparkCreativeFinalUITests;
			productReference = D06380042DEF890E0032D876 /* SparkCreativeFinalUITests.xctest */;
			productType = "com.apple.product-type.bundle.ui-testing";
		};
/* End PBXNativeTarget section */

/* Begin PBXProject section */
		D0637FE22DEF890D0032D876 /* Project object */ = {
			isa = PBXProject;
			attributes = {
				BuildIndependentTargetsInParallel = 1;
				LastSwiftUpdateCheck = 1620;
				LastUpgradeCheck = 1620;
				TargetAttributes = {
					D0637FE92DEF890D0032D876 = {
						CreatedOnToolsVersion = 16.2;
					};
					D0637FF92DEF890E0032D876 = {
						CreatedOnToolsVersion = 16.2;
						TestTargetID = D0637FE92DEF890D0032D876;
					};
					D06380032DEF890E0032D876 = {
						CreatedOnToolsVersion = 16.2;
						TestTargetID = D0637FE92DEF890D0032D876;
					};
				};
			};
			buildConfigurationList = D0637FE52DEF890D0032D876 /* Build configuration list for PBXProject "SparkCreativeFinal" */;
			developmentRegion = en;
			hasScannedForEncodings = 0;
			knownRegions = (
				en,
				Base,
			);
			mainGroup = D0637FE12DEF890D0032D876;
			minimizedProjectReferenceProxies = 1;
			preferredProjectObjectVersion = 77;
			productRefGroup = D0637FEB2DEF890D0032D876 /* Products */;
			projectDirPath = "";
			projectRoot = "";
			targets = (
				D0637FE92DEF890D0032D876 /* SparkCreativeFinal */,
				D0637FF92DEF890E0032D876 /* SparkCreativeFinalTests */,
				D06380032DEF890E0032D876 /* SparkCreativeFinalUITests */,
			);
		};
/* End PBXProject section */

/* Begin PBXResourcesBuildPhase section */
		D0637FE82DEF890D0032D876 /* Resources */ = {
			isa = PBXResourcesBuildPhase;
			buildActionMask = 2147483647;
			files = (
			);
			runOnlyForDeploymentPostprocessing = 0;
		};
		D0637FF82DEF890E0032D876 /* Resources */ = {
			isa = PBXResourcesBuildPhase;
			buildActionMask = 2147483647;
			files = (
			);
			runOnlyForDeploymentPostprocessing = 0;
		};
		D06380022DEF890E0032D876 /* Resources */ = {
			isa = PBXResourcesBuildPhase;
			buildActionMask = 2147483647;
			files = (
			);
			runOnlyForDeploymentPostprocessing = 0;
		};
/* End PBXResourcesBuildPhase section */

/* Begin PBXSourcesBuildPhase section */
		D0637FE62DEF890D0032D876 /* Sources */ = {
			isa = PBXSourcesBuildPhase;
			buildActionMask = 2147483647;
			files = (
			);
			runOnlyForDeploymentPostprocessing = 0;
		};
		D0637FF62DEF890E0032D876 /* Sources */ = {
			isa = PBXSourcesBuildPhase;
			buildActionMask = 2147483647;
			files = (
			);
			runOnlyForDeploymentPostprocessing = 0;
		};
		D06380002DEF890E0032D876 /* Sources */ = {
			isa = PBXSourcesBuildPhase;
			buildActionMask = 2147483647;
			files = (
			);
			runOnlyForDeploymentPostprocessing = 0;
		};
/* End PBXSourcesBuildPhase section */

/* Begin PBXTargetDependency section */
		D0637FFC2DEF890E0032D876 /* PBXTargetDependency */ = {
			isa = PBXTargetDependency;
			target = D0637FE92DEF890D0032D876 /* SparkCreativeFinal */;
			targetProxy = D0637FFB2DEF890E0032D876 /* PBXContainerItemProxy */;
		};
		D06380062DEF890E0032D876 /* PBXTargetDependency */ = {
			isa = PBXTargetDependency;
			target = D0637FE92DEF890D0032D876 /* SparkCreativeFinal */;
			targetProxy = D06380052DEF890E0032D876 /* PBXContainerItemProxy */;
		};
/* End PBXTargetDependency section */

/* Begin XCBuildConfiguration section */
		D063800C2DEF890E0032D876 /* Debug */ = {
			isa = XCBuildConfiguration;
			buildSettings = {
				ALWAYS_SEARCH_USER_PATHS = NO;
				ASSETCATALOG_COMPILER_GENERATE_SWIFT_ASSET_SYMBOL_EXTENSIONS = YES;
				CLANG_ANALYZER_NONNULL = YES;
				CLANG_ANALYZER_NUMBER_OBJECT_CONVERSION = YES_AGGRESSIVE;
				CLANG_CXX_LANGUAGE_STANDARD = "gnu++20";
				CLANG_ENABLE_MODULES = YES;
				CLANG_ENABLE_OBJC_ARC = YES;
				CLANG_ENABLE_OBJC_WEAK = YES;
				CLANG_WARN_BLOCK_CAPTURE_AUTORELEASING = YES;
				CLANG_WARN_BOOL_CONVERSION = YES;
				CLANG_WARN_COMMA = YES;
				CLANG_WARN_CONSTANT_CONVERSION = YES;
				CLANG_WARN_DEPRECATED_OBJC_IMPLEMENTATIONS = YES;
				CLANG_WARN_DIRECT_OBJC_ISA_USAGE = YES_ERROR;
				CLANG_WARN_DOCUMENTATION_COMMENTS = YES;
				CLANG_WARN_EMPTY_BODY = YES;
				CLANG_WARN_ENUM_CONVERSION = YES;
				CLANG_WARN_INFINITE_RECURSION = YES;
				CLANG_WARN_INT_CONVERSION = YES;
				CLANG_WARN_NON_LITERAL_NULL_CONVERSION = YES;
				CLANG_WARN_OBJC_IMPLICIT_RETAIN_SELF = YES;
				CLANG_WARN_OBJC_LITERAL_CONVERSION = YES;
				CLANG_WARN_OBJC_ROOT_CLASS = YES_ERROR;
				CLANG_WARN_QUOTED_INCLUDE_IN_FRAMEWORK_HEADER = YES;
				CLANG_WARN_RANGE_LOOP_ANALYSIS = YES;
				CLANG_WARN_STRICT_PROTOTYPES = YES;
				CLANG_WARN_SUSPICIOUS_MOVE = YES;
				CLANG_WARN_UNGUARDED_AVAILABILITY = YES_AGGRESSIVE;
				CLANG_WARN_UNREACHABLE_CODE = YES;
				CLANG_WARN__DUPLICATE_METHOD_MATCH = YES;
				COPY_PHASE_STRIP = NO;
				DEBUG_INFORMATION_FORMAT = dwarf;
				ENABLE_STRICT_OBJC_MSGSEND = YES;
				ENABLE_TESTABILITY = YES;
				ENABLE_USER_SCRIPT_SANDBOXING = YES;
				GCC_C_LANGUAGE_STANDARD = gnu17;
				GCC_DYNAMIC_NO_PIC = NO;
				GCC_NO_COMMON_BLOCKS = YES;
				GCC_OPTIMIZATION_LEVEL = 0;
				GCC_PREPROCESSOR_DEFINITIONS = (
					"DEBUG=1",
					"$(inherited)",
				);
				GCC_WARN_64_TO_32_BIT_CONVERSION = YES;
				GCC_WARN_ABOUT_RETURN_TYPE = YES_ERROR;
				GCC_WARN_UNDECLARED_SELECTOR = YES;
				GCC_WARN_UNINITIALIZED_AUTOS = YES_AGGRESSIVE;
				GCC_WARN_UNUSED_FUNCTION = YES;
				GCC_WARN_UNUSED_VARIABLE = YES;
				IPHONEOS_DEPLOYMENT_TARGET = 18.2;
				LOCALIZATION_PREFERS_STRING_CATALOGS = YES;
				MTL_ENABLE_DEBUG_INFO = INCLUDE_SOURCE;
				MTL_FAST_MATH = YES;
				ONLY_ACTIVE_ARCH = YES;
				SDKROOT = iphoneos;
				SWIFT_ACTIVE_COMPILATION_CONDITIONS = "DEBUG $(inherited)";
				SWIFT_OPTIMIZATION_LEVEL = "-Onone";
			};
			name = Debug;
		};
		D063800D2DEF890E0032D876 /* Release */ = {
			isa = XCBuildConfiguration;
			buildSettings = {
				ALWAYS_SEARCH_USER_PATHS = NO;
				ASSETCATALOG_COMPILER_GENERATE_SWIFT_ASSET_SYMBOL_EXTENSIONS = YES;
				CLANG_ANALYZER_NONNULL = YES;
				CLANG_ANALYZER_NUMBER_OBJECT_CONVERSION = YES_AGGRESSIVE;
				CLANG_CXX_LANGUAGE_STANDARD = "gnu++20";
				CLANG_ENABLE_MODULES = YES;
				CLANG_ENABLE_OBJC_ARC = YES;
				CLANG_ENABLE_OBJC_WEAK = YES;
				CLANG_WARN_BLOCK_CAPTURE_AUTORELEASING = YES;
				CLANG_WARN_BOOL_CONVERSION = YES;
				CLANG_WARN_COMMA = YES;
				CLANG_WARN_CONSTANT_CONVERSION = YES;
				CLANG_WARN_DEPRECATED_OBJC_IMPLEMENTATIONS = YES;
				CLANG_WARN_DIRECT_OBJC_ISA_USAGE = YES_ERROR;
				CLANG_WARN_DOCUMENTATION_COMMENTS = YES;
				CLANG_WARN_EMPTY_BODY = YES;
				CLANG_WARN_ENUM_CONVERSION = YES;
				CLANG_WARN_INFINITE_RECURSION = YES;
				CLANG_WARN_INT_CONVERSION = YES;
				CLANG_WARN_NON_LITERAL_NULL_CONVERSION = YES;
				CLANG_WARN_OBJC_IMPLICIT_RETAIN_SELF = YES;
				CLANG_WARN_OBJC_LITERAL_CONVERSION = YES;
				CLANG_WARN_OBJC_ROOT_CLASS = YES_ERROR;
				CLANG_WARN_QUOTED_INCLUDE_IN_FRAMEWORK_HEADER = YES;
				CLANG_WARN_RANGE_LOOP_ANALYSIS = YES;
				CLANG_WARN_STRICT_PROTOTYPES = YES;
				CLANG_WARN_SUSPICIOUS_MOVE = YES;
				CLANG_WARN_UNGUARDED_AVAILABILITY = YES_AGGRESSIVE;
				CLANG_WARN_UNREACHABLE_CODE = YES;
				CLANG_WARN__DUPLICATE_METHOD_MATCH = YES;
				COPY_PHASE_STRIP = NO;
				DEBUG_INFORMATION_FORMAT = "dwarf-with-dsym";
				ENABLE_NS_ASSERTIONS = NO;
				ENABLE_STRICT_OBJC_MSGSEND = YES;
				ENABLE_USER_SCRIPT_SANDBOXING = YES;
				GCC_C_LANGUAGE_STANDARD = gnu17;
				GCC_NO_COMMON_BLOCKS = YES;
				GCC_WARN_64_TO_32_BIT_CONVERSION = YES;
				GCC_WARN_ABOUT_RETURN_TYPE = YES_ERROR;
				GCC_WARN_UNDECLARED_SELECTOR = YES;
				GCC_WARN_UNINITIALIZED_AUTOS = YES_AGGRESSIVE;
				GCC_WARN_UNUSED_FUNCTION = YES;
				GCC_WARN_UNUSED_VARIABLE = YES;
				IPHONEOS_DEPLOYMENT_TARGET = 18.2;
				LOCALIZATION_PREFERS_STRING_CATALOGS = YES;
				MTL_ENABLE_DEBUG_INFO = NO;
				MTL_FAST_MATH = YES;
				SDKROOT = iphoneos;
				SWIFT_COMPILATION_MODE = wholemodule;
				VALIDATE_PRODUCT = YES;
			};
			name = Release;
		};
		D063800F2DEF890E0032D876 /* Debug */ = {
			isa = XCBuildConfiguration;
			buildSettings = {
				ASSETCATALOG_COMPILER_APPICON_NAME = AppIcon;
				ASSETCATALOG_COMPILER_GLOBAL_ACCENT_COLOR_NAME = AccentColor;
				CODE_SIGN_STYLE = Automatic;
				CURRENT_PROJECT_VERSION = 1;
				DEVELOPMENT_ASSET_PATHS = "\"SparkCreativeFinal/Preview Content\"";
				DEVELOPMENT_TEAM = 8BYXXD83Y9;
				ENABLE_PREVIEWS = YES;
				GENERATE_INFOPLIST_FILE = YES;
				INFOPLIST_FILE = SparkCreativeFinal/Info.plist;
				INFOPLIST_KEY_UIApplicationSceneManifest_Generation = YES;
				INFOPLIST_KEY_UIApplicationSupportsIndirectInputEvents = YES;
				INFOPLIST_KEY_UILaunchScreen_Generation = YES;
				INFOPLIST_KEY_UISupportedInterfaceOrientations_iPad = "UIInterfaceOrientationPortrait UIInterfaceOrientationPortraitUpsideDown UIInterfaceOrientationLandscapeLeft UIInterfaceOrientationLandscapeRight";
				INFOPLIST_KEY_UISupportedInterfaceOrientations_iPhone = "UIInterfaceOrientationPortrait UIInterfaceOrientationLandscapeLeft UIInterfaceOrientationLandscapeRight";
				LD_RUNPATH_SEARCH_PATHS = (
					"$(inherited)",
					"@executable_path/Frameworks",
				);
				MARKETING_VERSION = 1.0;
				PRODUCT_BUNDLE_IDENTIFIER = name.shakiraaljahmee.SparkCreativeFinal;
				PRODUCT_NAME = "$(TARGET_NAME)";
				SWIFT_EMIT_LOC_STRINGS = YES;
				SWIFT_VERSION = 5.0;
				TARGETED_DEVICE_FAMILY = "1,2";
			};
			name = Debug;
		};
		D06380102DEF890E0032D876 /* Release */ = {
			isa = XCBuildConfiguration;
			buildSettings = {
				ASSETCATALOG_COMPILER_APPICON_NAME = AppIcon;
				ASSETCATALOG_COMPILER_GLOBAL_ACCENT_COLOR_NAME = AccentColor;
				CODE_SIGN_STYLE = Automatic;
				CURRENT_PROJECT_VERSION = 1;
				DEVELOPMENT_ASSET_PATHS = "\"SparkCreativeFinal/Preview Content\"";
				DEVELOPMENT_TEAM = 8BYXXD83Y9;
				ENABLE_PREVIEWS = YES;
				GENERATE_INFOPLIST_FILE = YES;
				INFOPLIST_FILE = SparkCreativeFinal/Info.plist;
				INFOPLIST_KEY_UIApplicationSceneManifest_Generation = YES;
				INFOPLIST_KEY_UIApplicationSupportsIndirectInputEvents = YES;
				INFOPLIST_KEY_UILaunchScreen_Generation = YES;
				INFOPLIST_KEY_UISupportedInterfaceOrientations_iPad = "UIInterfaceOrientationPortrait UIInterfaceOrientationPortraitUpsideDown UIInterfaceOrientationLandscapeLeft UIInterfaceOrientationLandscapeRight";
				INFOPLIST_KEY_UISupportedInterfaceOrientations_iPhone = "UIInterfaceOrientationPortrait UIInterfaceOrientationLandscapeLeft UIInterfaceOrientationLandscapeRight";
				LD_RUNPATH_SEARCH_PATHS = (
					"$(inherited)",
					"@executable_path/Frameworks",
				);
				MARKETING_VERSION = 1.0;
				PRODUCT_BUNDLE_IDENTIFIER = name.shakiraaljahmee.SparkCreativeFinal;
				PRODUCT_NAME = "$(TARGET_NAME)";
				SWIFT_EMIT_LOC_STRINGS = YES;
				SWIFT_VERSION = 5.0;
				TARGETED_DEVICE_FAMILY = "1,2";
			};
			name = Release;
		};
		D06380122DEF890E0032D876 /* Debug */ = {
			isa = XCBuildConfiguration;
			buildSettings = {
				BUNDLE_LOADER = "$(TEST_HOST)";
				CODE_SIGN_STYLE = Automatic;
				CURRENT_PROJECT_VERSION = 1;
				DEVELOPMENT_TEAM = 8BYXXD83Y9;
				GENERATE_INFOPLIST_FILE = YES;
				IPHONEOS_DEPLOYMENT_TARGET = 18.2;
				MARKETING_VERSION = 1.0;
				PRODUCT_BUNDLE_IDENTIFIER = name.shakiraaljahmee.SparkCreativeFinalTests;
				PRODUCT_NAME = "$(TARGET_NAME)";
				SWIFT_EMIT_LOC_STRINGS = NO;
				SWIFT_VERSION = 5.0;
				TARGETED_DEVICE_FAMILY = "1,2";
				TEST_HOST = "$(BUILT_PRODUCTS_DIR)/SparkCreativeFinal.app/$(BUNDLE_EXECUTABLE_FOLDER_PATH)/SparkCreativeFinal";
			};
			name = Debug;
		};
		D06380132DEF890E0032D876 /* Release */ = {
			isa = XCBuildConfiguration;
			buildSettings = {
				BUNDLE_LOADER = "$(TEST_HOST)";
				CODE_SIGN_STYLE = Automatic;
				CURRENT_PROJECT_VERSION = 1;
				DEVELOPMENT_TEAM = 8BYXXD83Y9;
				GENERATE_INFOPLIST_FILE = YES;
				IPHONEOS_DEPLOYMENT_TARGET = 18.2;
				MARKETING_VERSION = 1.0;
				PRODUCT_BUNDLE_IDENTIFIER = name.shakiraaljahmee.SparkCreativeFinalTests;
				PRODUCT_NAME = "$(TARGET_NAME)";
				SWIFT_EMIT_LOC_STRINGS = NO;
				SWIFT_VERSION = 5.0;
				TARGETED_DEVICE_FAMILY = "1,2";
				TEST_HOST = "$(BUILT_PRODUCTS_DIR)/SparkCreativeFinal.app/$(BUNDLE_EXECUTABLE_FOLDER_PATH)/SparkCreativeFinal";
			};
			name = Release;
		};
		D06380152DEF890E0032D876 /* Debug */ = {
			isa = XCBuildConfiguration;
			buildSettings = {
				CODE_SIGN_STYLE = Automatic;
				CURRENT_PROJECT_VERSION = 1;
				DEVELOPMENT_TEAM = 8BYXXD83Y9;
				GENERATE_INFOPLIST_FILE = YES;
				MARKETING_VERSION = 1.0;
				PRODUCT_BUNDLE_IDENTIFIER = name.shakiraaljahmee.SparkCreativeFinalUITests;
				PRODUCT_NAME = "$(TARGET_NAME)";
				SWIFT_EMIT_LOC_STRINGS = NO;
				SWIFT_VERSION = 5.0;
				TARGETED_DEVICE_FAMILY = "1,2";
				TEST_TARGET_NAME = SparkCreativeFinal;
			};
			name = Debug;
		};
		D06380162DEF890E0032D876 /* Release */ = {
			isa = XCBuildConfiguration;
			buildSettings = {
				CODE_SIGN_STYLE = Automatic;
				CURRENT_PROJECT_VERSION = 1;
				DEVELOPMENT_TEAM = 8BYXXD83Y9;
				GENERATE_INFOPLIST_FILE = YES;
				MARKETING_VERSION = 1.0;
				PRODUCT_BUNDLE_IDENTIFIER = name.shakiraaljahmee.SparkCreativeFinalUITests;
				PRODUCT_NAME = "$(TARGET_NAME)";
				SWIFT_EMIT_LOC_STRINGS = NO;
				SWIFT_VERSION = 5.0;
				TARGETED_DEVICE_FAMILY = "1,2";
				TEST_TARGET_NAME = SparkCreativeFinal;
			};
			name = Release;
		};
/* End XCBuildConfiguration section */

/* Begin XCConfigurationList section */
		D0637FE52DEF890D0032D876 /* Build configuration list for PBXProject "SparkCreativeFinal" */ = {
			isa = XCConfigurationList;
			buildConfigurations = (
				D063800C2DEF890E0032D876 /* Debug */,
				D063800D2DEF890E0032D876 /* Release */,
			);
			defaultConfigurationIsVisible = 0;
			defaultConfigurationName = Release;
		};
		D063800E2DEF890E0032D876 /* Build configuration list for PBXNativeTarget "SparkCreativeFinal" */ = {
			isa = XCConfigurationList;
			buildConfigurations = (
				D063800F2DEF890E0032D876 /* Debug */,
				D06380102DEF890E0032D876 /* Release */,
			);
			defaultConfigurationIsVisible = 0;
			defaultConfigurationName = Release;
		};
		D06380112DEF890E0032D876 /* Build configuration list for PBXNativeTarget "SparkCreativeFinalTests" */ = {
			isa = XCConfigurationList;
			buildConfigurations = (
				D06380122DEF890E0032D876 /* Debug */,
				D06380132DEF890E0032D876 /* Release */,
			);
			defaultConfigurationIsVisible = 0;
			defaultConfigurationName = Release;
		};
		D06380142DEF890E0032D876 /* Build configuration list for PBXNativeTarget "SparkCreativeFinalUITests" */ = {
			isa = XCConfigurationList;
			buildConfigurations = (
				D06380152DEF890E0032D876 /* Debug */,
				D06380162DEF890E0032D876 /* Release */,
			);
			defaultConfigurationIsVisible = 0;
			defaultConfigurationName = Release;
		};
/* End XCConfigurationList section */
	};
	rootObject = D0637FE22DEF890D0032D876 /* Project object */;
}
